PODS:
  - Capacitor (7.0.0):
    - CapacitorCordova
  - CapacitorApp (7.0.0):
    - Capacitor
  - CapacitorClipboard (7.0.0):
    - Capacitor
  - CapacitorCordova (7.0.0)
  - CapacitorFilesystem (7.0.0):
    - Capacitor
  - SendIntent (6.0.3):
    - Capacitor

DEPENDENCIES:
  - "Capacitor (from `../../node_modules/.pnpm/@capacitor+ios@7.0.0_@capacitor+core@7.0.0/node_modules/@capacitor/ios`)"
  - "CapacitorApp (from `../../node_modules/.pnpm/@capacitor+app@7.0.0_@capacitor+core@7.0.0/node_modules/@capacitor/app`)"
  - "CapacitorClipboard (from `../../node_modules/.pnpm/@capacitor+clipboard@7.0.0_@capacitor+core@7.0.0/node_modules/@capacitor/clipboard`)"
  - "CapacitorCordova (from `../../node_modules/.pnpm/@capacitor+ios@7.0.0_@capacitor+core@7.0.0/node_modules/@capacitor/ios`)"
  - "CapacitorFilesystem (from `../../node_modules/.pnpm/@capacitor+filesystem@7.0.0_@capacitor+core@7.0.0/node_modules/@capacitor/filesystem`)"
  - "SendIntent (from `../../node_modules/.pnpm/send-intent@6.0.3_@capacitor+core@7.0.0/node_modules/send-intent`)"

EXTERNAL SOURCES:
  Capacitor:
    :path: "../../node_modules/.pnpm/@capacitor+ios@7.0.0_@capacitor+core@7.0.0/node_modules/@capacitor/ios"
  CapacitorApp:
    :path: "../../node_modules/.pnpm/@capacitor+app@7.0.0_@capacitor+core@7.0.0/node_modules/@capacitor/app"
  CapacitorClipboard:
    :path: "../../node_modules/.pnpm/@capacitor+clipboard@7.0.0_@capacitor+core@7.0.0/node_modules/@capacitor/clipboard"
  CapacitorCordova:
    :path: "../../node_modules/.pnpm/@capacitor+ios@7.0.0_@capacitor+core@7.0.0/node_modules/@capacitor/ios"
  CapacitorFilesystem:
    :path: "../../node_modules/.pnpm/@capacitor+filesystem@7.0.0_@capacitor+core@7.0.0/node_modules/@capacitor/filesystem"
  SendIntent:
    :path: "../../node_modules/.pnpm/send-intent@6.0.3_@capacitor+core@7.0.0/node_modules/send-intent"

SPEC CHECKSUMS:
  Capacitor: fcbee427ff437f414bbb3bc2d39364ad9bd2b8a5
  CapacitorApp: 45cb7cbef4aa380b9236fd6980033eb5cde6fcd2
  CapacitorClipboard: 2afc5e21902233d7990978c8f41f023ddcee3e3d
  CapacitorCordova: 345f93b7edd121db98e4ec20ac94d6d7bcaf7e48
  CapacitorFilesystem: 2881ad012b5c8d0ffbfed1216aadfc2cca16d5b5
  SendIntent: 11aca22f5a2992dfd0bb661db87af3891a32006b

PODFILE CHECKSUM: 8872c7def206f56cc9b183bb2060ab5be94070e8

COCOAPODS: 1.16.2
