PODS:
  - Capacitor (7.2.0):
    - CapacitorCordova
  - CapacitorApp (7.0.1):
    - Capacitor
  - CapacitorClipboard (7.0.1):
    - Capacitor
  - CapacitorCordova (7.2.0)
  - CapacitorFilesystem (7.0.1):
    - Capacitor
  - CapacitorNetwork (7.0.1):
    - Capacitor
  - SendIntent (7.0.0):
    - Capacitor

DEPENDENCIES:
  - "Capacitor (from `../../node_modules/.pnpm/@capacitor+ios@7.2.0_@capacitor+core@7.2.0/node_modules/@capacitor/ios`)"
  - "CapacitorApp (from `../../node_modules/.pnpm/@capacitor+app@7.0.1_@capacitor+core@7.2.0/node_modules/@capacitor/app`)"
  - "CapacitorClipboard (from `../../node_modules/.pnpm/@capacitor+clipboard@7.0.1_@capacitor+core@7.2.0/node_modules/@capacitor/clipboard`)"
  - "CapacitorCordova (from `../../node_modules/.pnpm/@capacitor+ios@7.2.0_@capacitor+core@7.2.0/node_modules/@capacitor/ios`)"
  - "CapacitorFilesystem (from `../../node_modules/.pnpm/@capacitor+filesystem@7.0.1_@capacitor+core@7.2.0/node_modules/@capacitor/filesystem`)"
  - "CapacitorNetwork (from `../../node_modules/.pnpm/@capacitor+network@7.0.1_@capacitor+core@7.2.0/node_modules/@capacitor/network`)"
  - "SendIntent (from `../../node_modules/.pnpm/send-intent@7.0.0_@capacitor+core@7.2.0/node_modules/send-intent`)"

EXTERNAL SOURCES:
  Capacitor:
    :path: "../../node_modules/.pnpm/@capacitor+ios@7.2.0_@capacitor+core@7.2.0/node_modules/@capacitor/ios"
  CapacitorApp:
    :path: "../../node_modules/.pnpm/@capacitor+app@7.0.1_@capacitor+core@7.2.0/node_modules/@capacitor/app"
  CapacitorClipboard:
    :path: "../../node_modules/.pnpm/@capacitor+clipboard@7.0.1_@capacitor+core@7.2.0/node_modules/@capacitor/clipboard"
  CapacitorCordova:
    :path: "../../node_modules/.pnpm/@capacitor+ios@7.2.0_@capacitor+core@7.2.0/node_modules/@capacitor/ios"
  CapacitorFilesystem:
    :path: "../../node_modules/.pnpm/@capacitor+filesystem@7.0.1_@capacitor+core@7.2.0/node_modules/@capacitor/filesystem"
  CapacitorNetwork:
    :path: "../../node_modules/.pnpm/@capacitor+network@7.0.1_@capacitor+core@7.2.0/node_modules/@capacitor/network"
  SendIntent:
    :path: "../../node_modules/.pnpm/send-intent@7.0.0_@capacitor+core@7.2.0/node_modules/send-intent"

SPEC CHECKSUMS:
  Capacitor: 03bc7cbdde6a629a8b910a9d7d78c3cc7ed09ea7
  CapacitorApp: febecbb9582cb353aed037e18ec765141f880fe9
  CapacitorClipboard: 70bfdb42b877b320a6e511ab94fa7a6a55d57ecb
  CapacitorCordova: 5967b9ba03915ef1d585469d6e31f31dc49be96f
  CapacitorFilesystem: e6261c410436f54908c11f94336c5b58286b1db0
  CapacitorNetwork: 15cb4385f0913a8ceb5e9a4d7af1ec554bdb8de8
  SendIntent: 8a6f646a4489f788d253ffbd1082a98ea388d870

PODFILE CHECKSUM: 24ae0f271a4be318a00c3c76b6cdb2b77459c50d

COCOAPODS: 1.16.2
